<?xml version="1.0" encoding="UTF-8" standalone="yes" ?>
<CodeBlocks_project_file>
	<FileVersion major="1" minor="6" />
	<Project>
		<Option title="nxweb" />
		<Option pch_mode="2" />
		<Option compiler="gcc" />
		<Build>
			<Target title="Debug">
				<Option output="bin/Debug/nxweb" prefix_auto="1" extension_auto="1" />
				<Option object_output="obj/Debug/" />
				<Option type="1" />
				<Option compiler="gcc" />
				<Compiler>
					<Add option="-g" />
				</Compiler>
			</Target>
			<Target title="Release">
				<Option output="bin/Release/nxweb" prefix_auto="1" extension_auto="1" />
				<Option object_output="obj/Release/" />
				<Option type="1" />
				<Option compiler="gcc" />
				<Compiler>
					<Add option="-O2" />
				</Compiler>
				<Linker>
					<Add option="-s" />
				</Linker>
			</Target>
		</Build>
		<Compiler>
			<Add option="-Wall" />
			<Add option="-pthread -Wno-strict-aliasing" />
			<Add option="-DUSE_REGISTER_PRINTF_SPECIFIER" />
		</Compiler>
		<Linker>
			<Add library="pthread" />
			<Add library="ev" />
			<Add library="rt" />
		</Linker>
		<Unit filename="hello.c">
			<Option compilerVar="CC" />
		</Unit>
		<Unit filename="modules.c">
			<Option compilerVar="CC" />
		</Unit>
		<Unit filename="nxweb/config.h" />
		<Unit filename="nxweb/http.c">
			<Option compilerVar="CC" />
		</Unit>
		<Unit filename="nxweb/main.c">
			<Option compilerVar="CC" />
		</Unit>
		<Unit filename="nxweb/mime.c">
			<Option compilerVar="CC" />
		</Unit>
		<Unit filename="nxweb/misc.c">
			<Option compilerVar="CC" />
		</Unit>
		<Unit filename="nxweb/misc.h" />
		<Unit filename="nxweb/nx_buffer.c">
			<Option compilerVar="CC" />
		</Unit>
		<Unit filename="nxweb/nx_buffer.h" />
		<Unit filename="nxweb/nx_event.c">
			<Option compilerVar="CC" />
		</Unit>
		<Unit filename="nxweb/nx_event.h" />
		<Unit filename="nxweb/nx_pool.c">
			<Option compilerVar="CC" />
		</Unit>
		<Unit filename="nxweb/nx_pool.h" />
		<Unit filename="nxweb/nx_queue.c">
			<Option compilerVar="CC" />
		</Unit>
		<Unit filename="nxweb/nx_queue.h" />
		<Unit filename="nxweb/nxweb.h" />
		<Unit filename="nxweb/nxweb2.c">
			<Option compilerVar="CC" />
		</Unit>
		<Unit filename="nxweb/nxweb_internal.h" />
		<Unit filename="nxweb/revision.h" />
		<Unit filename="sendfile.c">
			<Option compilerVar="CC" />
		</Unit>
		<Extensions>
			<envvars />
			<code_completion />
			<debugger />
		</Extensions>
	</Project>
</CodeBlocks_project_file>
